
Microsoft Visual Studio Solution File, Format Version 12.00
# Visual Studio Version 17
VisualStudioVersion = 17.0.32014.148
MinimumVisualStudioVersion = 10.0.40219.1
Project("{9A19103F-16F7-4668-BE54-9A1E7A4F7556}") = "Simple.Wpf.Template", "Simple.Wpf.Template\Simple.Wpf.Template.csproj", "{E99451CE-E71B-4D1B-B4AF-34C45AA20E39}"
EndProject
Project("{9A19103F-16F7-4668-BE54-9A1E7A4F7556}") = "Simple.Wpf.Template.Tests", "Simple.Wpf.Template.Tests\Simple.Wpf.Template.Tests.csproj", "{A4F71FC2-771E-423C-9923-D1AE2AD4A48F}"
EndProject
Global
	GlobalSection(SolutionConfigurationPlatforms) = preSolution
		Debug|Any CPU = Debug|Any CPU
		Release|Any CPU = Release|Any CPU
	EndGlobalSection
	GlobalSection(ProjectConfigurationPlatforms) = postSolution
		{E99451CE-E71B-4D1B-B4AF-34C45AA20E39}.Debug|Any CPU.ActiveCfg = Debug|Any CPU
		{E99451CE-E71B-4D1B-B4AF-34C45AA20E39}.Debug|Any CPU.Build.0 = Debug|Any CPU
		{E99451CE-E71B-4D1B-B4AF-34C45AA20E39}.Release|Any CPU.ActiveCfg = Release|Any CPU
		{E99451CE-E71B-4D1B-B4AF-34C45AA20E39}.Release|Any CPU.Build.0 = Release|Any CPU
		{A4F71FC2-771E-423C-9923-D1AE2AD4A48F}.Debug|Any CPU.ActiveCfg = Debug|Any CPU
		{A4F71FC2-771E-423C-9923-D1AE2AD4A48F}.Debug|Any CPU.Build.0 = Debug|Any CPU
		{A4F71FC2-771E-423C-9923-D1AE2AD4A48F}.Release|Any CPU.ActiveCfg = Release|Any CPU
		{A4F71FC2-771E-423C-9923-D1AE2AD4A48F}.Release|Any CPU.Build.0 = Release|Any CPU
	EndGlobalSection
	GlobalSection(SolutionProperties) = preSolution
		HideSolutionNode = FALSE
	EndGlobalSection
	GlobalSection(ExtensibilityGlobals) = postSolution
		SolutionGuid = {C088A116-519E-4C34-8FE1-E952C73254F6}
	EndGlobalSection
EndGlobal
